lockfileVersion: '9.0'

settings:
  autoInstallPeers: true
  excludeLinksFromLockfile: false

importers:

  .:
    dependencies:
      base-64:
        specifier: ^1.0.0
        version: 1.0.0
      dayjs:
        specifier: ^1.11.13
        version: 1.11.13
      jsbn:
        specifier: ^1.1.0
        version: 1.1.0
      sm-crypto:
        specifier: ^0.3.13
        version: 0.3.13
      uview-plus:
        specifier: ^3.3.36
        version: 3.3.36

packages:

  base-64@1.0.0:
    resolution: {integrity: sha512-kwDPIFCGx0NZHog36dj+tHiwP4QMzsZ3AgMViUBKI0+V5n4U0ufTCUMhnQ04diaRI8EX/QcPfql7zlhZ7j4zgg==}

  clipboard@2.0.11:
    resolution: {integrity: sha512-C+0bbOqkezLIsmWSvlsXS0Q0bmkugu7jcfMIACB+RDEntIzQIkdr148we28AfSloQLRdZlYL/QYyrq05j/3Faw==}

  dayjs@1.11.13:
    resolution: {integrity: sha512-oaMBel6gjolK862uaPQOVTA7q3TZhuSvuMQAAglQDOWYO9A91IrAOUJEyKVlqJlHE0vq5p5UXxzdPfMH/x6xNg==}

  delegate@3.2.0:
    resolution: {integrity: sha512-IofjkYBZaZivn0V8nnsMJGBr4jVLxHDheKSW88PyxS5QC4Vo9ZbZVvhzlSxY87fVq3STR6r+4cGepyHkcWOQSw==}

  good-listener@1.2.2:
    resolution: {integrity: sha512-goW1b+d9q/HIwbVYZzZ6SsTr4IgE+WA44A0GmPIQstuOrgsFcT7VEJ48nmr9GaRtNu0XTKacFLGnBPAM6Afouw==}

  jsbn@1.1.0:
    resolution: {integrity: sha512-4bYVV3aAMtDTTu4+xsDYa6sy9GyJ69/amsu9sYF2zqjiEoZA5xJi3BrfX3uY+/IekIu7MwdObdbDWpoZdBv3/A==}

  select@1.1.2:
    resolution: {integrity: sha512-OwpTSOfy6xSs1+pwcNrv0RBMOzI39Lp3qQKUTPVVPRjCdNa5JH/oPRiqsesIskK8TVgmRiHwO4KXlV2Li9dANA==}

  sm-crypto@0.3.13:
    resolution: {integrity: sha512-ztNF+pZq6viCPMA1A6KKu3bgpkmYti5avykRHbcFIdSipFdkVmfUw2CnpM2kBJyppIalqvczLNM3wR8OQ0pT5w==}

  tiny-emitter@2.1.0:
    resolution: {integrity: sha512-NB6Dk1A9xgQPMoGqC5CVXn123gWyte215ONT5Pp5a0yt4nlEoO1ZWeCwpncaekPHXO60i47ihFnZPiRPjRMq4Q==}

  uview-plus@3.3.36:
    resolution: {integrity: sha512-yiIIt3OkCDkBzflrr6by8qvYibvCzsFZ/Mn+Fdx9TDaTQAltWFBj7UNVN/wOeb3lou2T5S1QFy2rxw3OcAYi5g==}
    engines: {HBuilderX: ^3.1.0}

snapshots:

  base-64@1.0.0: {}

  clipboard@2.0.11:
    dependencies:
      good-listener: 1.2.2
      select: 1.1.2
      tiny-emitter: 2.1.0

  dayjs@1.11.13: {}

  delegate@3.2.0: {}

  good-listener@1.2.2:
    dependencies:
      delegate: 3.2.0

  jsbn@1.1.0: {}

  select@1.1.2: {}

  sm-crypto@0.3.13:
    dependencies:
      jsbn: 1.1.0

  tiny-emitter@2.1.0: {}

  uview-plus@3.3.36:
    dependencies:
      clipboard: 2.0.11
      dayjs: 1.11.13
